{
  "name": "extension",
  "version": "1.0.0",
  "lockfileVersion": 1,
  "requires": true,
  "dependencies": {
    "@types/chrome": {
      "version": "0.0.126",
      "resolved": "https://registry.npm.taobao.org/@types/chrome/download/@types/chrome-0.0.126.tgz",
      "integrity": "sha1-+fNDZxLwx8EuqXmKvJuVV1rXsjo=",
      "dev": true,
      "requires": {
        "@types/filesystem": "*",
        "@types/har-format": "*"
      }
    },
    "@types/filesystem": {
      "version": "0.0.29",
      "resolved": "https://registry.npm.taobao.org/@types/filesystem/download/@types/filesystem-0.0.29.tgz",
      "integrity": "sha1-7jdI61vhQNz5gMO9NfEa7F96N0g=",
      "dev": true,
      "requires": {
        "@types/filewriter": "*"
      }
    },
    "@types/filewriter": {
      "version": "0.0.28",
      "resolved": "https://registry.npm.taobao.org/@types/filewriter/download/@types/filewriter-0.0.28.tgz",
      "integrity": "sha1-wFTor02d11205jq8dviFFocU1LM=",
      "dev": true
    },
    "@types/har-format": {
      "version": "1.2.5",
      "resolved": "https://registry.npm.taobao.org/@types/har-format/download/@types/har-format-1.2.5.tgz",
      "integrity": "sha1-T2ZIgU0P3LalEOM2Sp20OadTxLE=",
      "dev": true
    }
  }
}
